
Microsoft Visual Studio Solution File, Format Version 12.00
# Visual Studio 15
VisualStudioVersion = 15.0.27004.2005
MinimumVisualStudioVersion = 10.0.40219.1
Project("{8BC9CEB8-8B4A-11D0-8D11-00A0C91BC942}") = "sample_project", "sample_project.vcxproj", "{903BC4A3-AD97-4569-8B6A-6A5D58768601}"
EndProject
Global
	GlobalSection(SolutionConfigurationPlatforms) = preSolution
		Debug|Win32 = Debug|Win32
		Release|Win32 = Release|Win32
	EndGlobalSection
	GlobalSection(ProjectConfigurationPlatforms) = postSolution
		{903BC4A3-AD97-4569-8B6A-6A5D58768601}.Debug|Win32.ActiveCfg = Debug|Win32
		{903BC4A3-AD97-4569-8B6A-6A5D58768601}.Debug|Win32.Build.0 = Debug|Win32
		{903BC4A3-AD97-4569-8B6A-6A5D58768601}.Release|Win32.ActiveCfg = Release|Win32
		{903BC4A3-AD97-4569-8B6A-6A5D58768601}.Release|Win32.Build.0 = Release|Win32
	EndGlobalSection
	GlobalSection(SolutionProperties) = preSolution
		HideSolutionNode = FALSE
	EndGlobalSection
	GlobalSection(ExtensibilityGlobals) = postSolution
		SolutionGuid = {BB6E9203-F689-4515-BCFD-047A8A3EDE0A}
	EndGlobalSection
EndGlobal
